// !$*UTF8*$!
{
	archiveVersion = 1;
	classes = {
	};
	objectVersion = 56;
	objects = {

/* Begin PBXBuildFile section */
		542480B72D11D04400B4CC98 /* AppDelegate.swift in Sources */ = {isa = PBXBuildFile; fileRef = 542480B62D11D04400B4CC98 /* AppDelegate.swift */; };
		542480B92D11D04400B4CC98 /* SceneDelegate.swift in Sources */ = {isa = PBXBuildFile; fileRef = 542480B82D11D04400B4CC98 /* SceneDelegate.swift */; };
		542480BB2D11D04400B4CC98 /* ViewController.swift in Sources */ = {isa = PBXBuildFile; fileRef = 542480BA2D11D04400B4CC98 /* ViewController.swift */; };
		542480BE2D11D04400B4CC98 /* Base in Resources */ = {isa = PBXBuildFile; fileRef = 542480BD2D11D04400B4CC98 /* Base */; };
		542480C02D11D04500B4CC98 /* Assets.xcassets in Resources */ = {isa = PBXBuildFile; fileRef = 542480BF2D11D04500B4CC98 /* Assets.xcassets */; };
		542480C32D11D04500B4CC98 /* Base in Resources */ = {isa = PBXBuildFile; fileRef = 542480C22D11D04500B4CC98 /* Base */; };
		542480CE2D11D04500B4CC98 /* TestAppTests.swift in Sources */ = {isa = PBXBuildFile; fileRef = 542480CD2D11D04500B4CC98 /* TestAppTests.swift */; };
		542480D82D11D04500B4CC98 /* TestAppUITests.swift in Sources */ = {isa = PBXBuildFile; fileRef = 542480D72D11D04500B4CC98 /* TestAppUITests.swift */; };
		542480DA2D11D04500B4CC98 /* TestAppUITestsLaunchTests.swift in Sources */ = {isa = PBXBuildFile; fileRef = 542480D92D11D04500B4CC98 /* TestAppUITestsLaunchTests.swift */; };
		542480EA2D11D9E800B4CC98 /* CarouselCell.xib in Resources */ = {isa = PBXBuildFile; fileRef = 542480E92D11D9E800B4CC98 /* CarouselCell.xib */; };
		542480EB2D11D9E800B4CC98 /* CarouselCell.swift in Sources */ = {isa = PBXBuildFile; fileRef = 542480E82D11D9E800B4CC98 /* CarouselCell.swift */; };
		542480EE2D12A1F100B4CC98 /* TableViewCell.xib in Resources */ = {isa = PBXBuildFile; fileRef = 542480ED2D12A1F100B4CC98 /* TableViewCell.xib */; };
		542480EF2D12A1F100B4CC98 /* TableViewCell.swift in Sources */ = {isa = PBXBuildFile; fileRef = 542480EC2D12A1F100B4CC98 /* TableViewCell.swift */; };
/* End PBXBuildFile section */

/* Begin PBXContainerItemProxy section */
		542480CA2D11D04500B4CC98 /* PBXContainerItemProxy */ = {
			isa = PBXContainerItemProxy;
			containerPortal = 542480AB2D11D04400B4CC98 /* Project object */;
			proxyType = 1;
			remoteGlobalIDString = 542480B22D11D04400B4CC98;
			remoteInfo = TestApp;
		};
		542480D42D11D04500B4CC98 /* PBXContainerItemProxy */ = {
			isa = PBXContainerItemProxy;
			containerPortal = 542480AB2D11D04400B4CC98 /* Project object */;
			proxyType = 1;
			remoteGlobalIDString = 542480B22D11D04400B4CC98;
			remoteInfo = TestApp;
		};
/* End PBXContainerItemProxy section */

/* Begin PBXFileReference section */
		542480B32D11D04400B4CC98 /* TestApp.app */ = {isa = PBXFileReference; explicitFileType = wrapper.application; includeInIndex = 0; path = TestApp.app; sourceTree = BUILT_PRODUCTS_DIR; };
		542480B62D11D04400B4CC98 /* AppDelegate.swift */ = {isa = PBXFileReference; lastKnownFileType = sourcecode.swift; path = AppDelegate.swift; sourceTree = "<group>"; };
		542480B82D11D04400B4CC98 /* SceneDelegate.swift */ = {isa = PBXFileReference; lastKnownFileType = sourcecode.swift; path = SceneDelegate.swift; sourceTree = "<group>"; };
		542480BA2D11D04400B4CC98 /* ViewController.swift */ = {isa = PBXFileReference; lastKnownFileType = sourcecode.swift; path = ViewController.swift; sourceTree = "<group>"; };
		542480BD2D11D04400B4CC98 /* Base */ = {isa = PBXFileReference; lastKnownFileType = file.storyboard; name = Base; path = Base.lproj/Main.storyboard; sourceTree = "<group>"; };
		542480BF2D11D04500B4CC98 /* Assets.xcassets */ = {isa = PBXFileReference; lastKnownFileType = folder.assetcatalog; path = Assets.xcassets; sourceTree = "<group>"; };
		542480C22D11D04500B4CC98 /* Base */ = {isa = PBXFileReference; lastKnownFileType = file.storyboard; name = Base; path = Base.lproj/LaunchScreen.storyboard; sourceTree = "<group>"; };
		542480C42D11D04500B4CC98 /* Info.plist */ = {isa = PBXFileReference; lastKnownFileType = text.plist.xml; path = Info.plist; sourceTree = "<group>"; };
		542480C92D11D04500B4CC98 /* TestAppTests.xctest */ = {isa = PBXFileReference; explicitFileType = wrapper.cfbundle; includeInIndex = 0; path = TestAppTests.xctest; sourceTree = BUILT_PRODUCTS_DIR; };
		542480CD2D11D04500B4CC98 /* TestAppTests.swift */ = {isa = PBXFileReference; lastKnownFileType = sourcecode.swift; path = TestAppTests.swift; sourceTree = "<group>"; };
		542480D32D11D04500B4CC98 /* TestAppUITests.xctest */ = {isa = PBXFileReference; explicitFileType = wrapper.cfbundle; includeInIndex = 0; path = TestAppUITests.xctest; sourceTree = BUILT_PRODUCTS_DIR; };
		542480D72D11D04500B4CC98 /* TestAppUITests.swift */ = {isa = PBXFileReference; lastKnownFileType = sourcecode.swift; path = TestAppUITests.swift; sourceTree = "<group>"; };
		542480D92D11D04500B4CC98 /* TestAppUITestsLaunchTests.swift */ = {isa = PBXFileReference; lastKnownFileType = sourcecode.swift; path = TestAppUITestsLaunchTests.swift; sourceTree = "<group>"; };
		542480E82D11D9E800B4CC98 /* CarouselCell.swift */ = {isa = PBXFileReference; lastKnownFileType = sourcecode.swift; path = CarouselCell.swift; sourceTree = "<group>"; };
		542480E92D11D9E800B4CC98 /* CarouselCell.xib */ = {isa = PBXFileReference; lastKnownFileType = file.xib; path = CarouselCell.xib; sourceTree = "<group>"; };
		542480EC2D12A1F100B4CC98 /* TableViewCell.swift */ = {isa = PBXFileReference; lastKnownFileType = sourcecode.swift; path = TableViewCell.swift; sourceTree = "<group>"; };
		542480ED2D12A1F100B4CC98 /* TableViewCell.xib */ = {isa = PBXFileReference; lastKnownFileType = file.xib; path = TableViewCell.xib; sourceTree = "<group>"; };
/* End PBXFileReference section */

/* Begin PBXFrameworksBuildPhase section */
		542480B02D11D04400B4CC98 /* Frameworks */ = {
			isa = PBXFrameworksBuildPhase;
			buildActionMask = 2147483647;
			files = (
			);
			runOnlyForDeploymentPostprocessing = 0;
		};
		542480C62D11D04500B4CC98 /* Frameworks */ = {
			isa = PBXFrameworksBuildPhase;
			buildActionMask = 2147483647;
			files = (
			);
			runOnlyForDeploymentPostprocessing = 0;
		};
		542480D02D11D04500B4CC98 /* Frameworks */ = {
			isa = PBXFrameworksBuildPhase;
			buildActionMask = 2147483647;
			files = (
			);
			runOnlyForDeploymentPostprocessing = 0;
		};
/* End PBXFrameworksBuildPhase section */

/* Begin PBXGroup section */
		542480AA2D11D04400B4CC98 = {
			isa = PBXGroup;
			children = (
				542480B52D11D04400B4CC98 /* TestApp */,
				542480CC2D11D04500B4CC98 /* TestAppTests */,
				542480D62D11D04500B4CC98 /* TestAppUITests */,
				542480B42D11D04400B4CC98 /* Products */,
			);
			sourceTree = "<group>";
		};
		542480B42D11D04400B4CC98 /* Products */ = {
			isa = PBXGroup;
			children = (
				542480B32D11D04400B4CC98 /* TestApp.app */,
				542480C92D11D04500B4CC98 /* TestAppTests.xctest */,
				542480D32D11D04500B4CC98 /* TestAppUITests.xctest */,
			);
			name = Products;
			sourceTree = "<group>";
		};
		542480B52D11D04400B4CC98 /* TestApp */ = {
			isa = PBXGroup;
			children = (
				542480B62D11D04400B4CC98 /* AppDelegate.swift */,
				542480B82D11D04400B4CC98 /* SceneDelegate.swift */,
				542480BA2D11D04400B4CC98 /* ViewController.swift */,
				542480BC2D11D04400B4CC98 /* Main.storyboard */,
				542480BF2D11D04500B4CC98 /* Assets.xcassets */,
				542480C12D11D04500B4CC98 /* LaunchScreen.storyboard */,
				542480C42D11D04500B4CC98 /* Info.plist */,
				543971A82D1311AC00DD18AE /* Cells */,
			);
			path = TestApp;
			sourceTree = "<group>";
		};
		542480CC2D11D04500B4CC98 /* TestAppTests */ = {
			isa = PBXGroup;
			children = (
				542480CD2D11D04500B4CC98 /* TestAppTests.swift */,
			);
			path = TestAppTests;
			sourceTree = "<group>";
		};
		542480D62D11D04500B4CC98 /* TestAppUITests */ = {
			isa = PBXGroup;
			children = (
				542480D72D11D04500B4CC98 /* TestAppUITests.swift */,
				542480D92D11D04500B4CC98 /* TestAppUITestsLaunchTests.swift */,
			);
			path = TestAppUITests;
			sourceTree = "<group>";
		};
		543971A82D1311AC00DD18AE /* Cells */ = {
			isa = PBXGroup;
			children = (
				542480E82D11D9E800B4CC98 /* CarouselCell.swift */,
				542480E92D11D9E800B4CC98 /* CarouselCell.xib */,
				542480EC2D12A1F100B4CC98 /* TableViewCell.swift */,
				542480ED2D12A1F100B4CC98 /* TableViewCell.xib */,
			);
			path = Cells;
			sourceTree = "<group>";
		};
/* End PBXGroup section */

/* Begin PBXNativeTarget section */
		542480B22D11D04400B4CC98 /* TestApp */ = {
			isa = PBXNativeTarget;
			buildConfigurationList = 542480DD2D11D04500B4CC98 /* Build configuration list for PBXNativeTarget "TestApp" */;
			buildPhases = (
				542480AF2D11D04400B4CC98 /* Sources */,
				542480B02D11D04400B4CC98 /* Frameworks */,
				542480B12D11D04400B4CC98 /* Resources */,
			);
			buildRules = (
			);
			dependencies = (
			);
			name = TestApp;
			productName = TestApp;
			productReference = 542480B32D11D04400B4CC98 /* TestApp.app */;
			productType = "com.apple.product-type.application";
		};
		542480C82D11D04500B4CC98 /* TestAppTests */ = {
			isa = PBXNativeTarget;
			buildConfigurationList = 542480E02D11D04500B4CC98 /* Build configuration list for PBXNativeTarget "TestAppTests" */;
			buildPhases = (
				542480C52D11D04500B4CC98 /* Sources */,
				542480C62D11D04500B4CC98 /* Frameworks */,
				542480C72D11D04500B4CC98 /* Resources */,
			);
			buildRules = (
			);
			dependencies = (
				542480CB2D11D04500B4CC98 /* PBXTargetDependency */,
			);
			name = TestAppTests;
			productName = TestAppTests;
			productReference = 542480C92D11D04500B4CC98 /* TestAppTests.xctest */;
			productType = "com.apple.product-type.bundle.unit-test";
		};
		542480D22D11D04500B4CC98 /* TestAppUITests */ = {
			isa = PBXNativeTarget;
			buildConfigurationList = 542480E32D11D04500B4CC98 /* Build configuration list for PBXNativeTarget "TestAppUITests" */;
			buildPhases = (
				542480CF2D11D04500B4CC98 /* Sources */,
				542480D02D11D04500B4CC98 /* Frameworks */,
				542480D12D11D04500B4CC98 /* Resources */,
			);
			buildRules = (
			);
			dependencies = (
				542480D52D11D04500B4CC98 /* PBXTargetDependency */,
			);
			name = TestAppUITests;
			productName = TestAppUITests;
			productReference = 542480D32D11D04500B4CC98 /* TestAppUITests.xctest */;
			productType = "com.apple.product-type.bundle.ui-testing";
		};
/* End PBXNativeTarget section */

/* Begin PBXProject section */
		542480AB2D11D04400B4CC98 /* Project object */ = {
			isa = PBXProject;
			attributes = {
				BuildIndependentTargetsInParallel = 1;
				LastSwiftUpdateCheck = 1530;
				LastUpgradeCheck = 1530;
				TargetAttributes = {
					542480B22D11D04400B4CC98 = {
						CreatedOnToolsVersion = 15.3;
					};
					542480C82D11D04500B4CC98 = {
						CreatedOnToolsVersion = 15.3;
						TestTargetID = 542480B22D11D04400B4CC98;
					};
					542480D22D11D04500B4CC98 = {
						CreatedOnToolsVersion = 15.3;
						TestTargetID = 542480B22D11D04400B4CC98;
					};
				};
			};
			buildConfigurationList = 542480AE2D11D04400B4CC98 /* Build configuration list for PBXProject "TestApp" */;
			compatibilityVersion = "Xcode 14.0";
			developmentRegion = en;
			hasScannedForEncodings = 0;
			knownRegions = (
				en,
				Base,
			);
			mainGroup = 542480AA2D11D04400B4CC98;
			productRefGroup = 542480B42D11D04400B4CC98 /* Products */;
			projectDirPath = "";
			projectRoot = "";
			targets = (
				542480B22D11D04400B4CC98 /* TestApp */,
				542480C82D11D04500B4CC98 /* TestAppTests */,
				542480D22D11D04500B4CC98 /* TestAppUITests */,
			);
		};
/* End PBXProject section */

/* Begin PBXResourcesBuildPhase section */
		542480B12D11D04400B4CC98 /* Resources */ = {
			isa = PBXResourcesBuildPhase;
			buildActionMask = 2147483647;
			files = (
				542480C02D11D04500B4CC98 /* Assets.xcassets in Resources */,
				542480EE2D12A1F100B4CC98 /* TableViewCell.xib in Resources */,
				542480C32D11D04500B4CC98 /* Base in Resources */,
				542480BE2D11D04400B4CC98 /* Base in Resources */,
				542480EA2D11D9E800B4CC98 /* CarouselCell.xib in Resources */,
			);
			runOnlyForDeploymentPostprocessing = 0;
		};
		542480C72D11D04500B4CC98 /* Resources */ = {
			isa = PBXResourcesBuildPhase;
			buildActionMask = 2147483647;
			files = (
			);
			runOnlyForDeploymentPostprocessing = 0;
		};
		542480D12D11D04500B4CC98 /* Resources */ = {
			isa = PBXResourcesBuildPhase;
			buildActionMask = 2147483647;
			files = (
			);
			runOnlyForDeploymentPostprocessing = 0;
		};
/* End PBXResourcesBuildPhase section */

/* Begin PBXSourcesBuildPhase section */
		542480AF2D11D04400B4CC98 /* Sources */ = {
			isa = PBXSourcesBuildPhase;
			buildActionMask = 2147483647;
			files = (
				542480EF2D12A1F100B4CC98 /* TableViewCell.swift in Sources */,
				542480BB2D11D04400B4CC98 /* ViewController.swift in Sources */,
				542480B72D11D04400B4CC98 /* AppDelegate.swift in Sources */,
				542480B92D11D04400B4CC98 /* SceneDelegate.swift in Sources */,
				542480EB2D11D9E800B4CC98 /* CarouselCell.swift in Sources */,
			);
			runOnlyForDeploymentPostprocessing = 0;
		};
		542480C52D11D04500B4CC98 /* Sources */ = {
			isa = PBXSourcesBuildPhase;
			buildActionMask = 2147483647;
			files = (
				542480CE2D11D04500B4CC98 /* TestAppTests.swift in Sources */,
			);
			runOnlyForDeploymentPostprocessing = 0;
		};
		542480CF2D11D04500B4CC98 /* Sources */ = {
			isa = PBXSourcesBuildPhase;
			buildActionMask = 2147483647;
			files = (
				542480DA2D11D04500B4CC98 /* TestAppUITestsLaunchTests.swift in Sources */,
				542480D82D11D04500B4CC98 /* TestAppUITests.swift in Sources */,
			);
			runOnlyForDeploymentPostprocessing = 0;
		};
/* End PBXSourcesBuildPhase section */

/* Begin PBXTargetDependency section */
		542480CB2D11D04500B4CC98 /* PBXTargetDependency */ = {
			isa = PBXTargetDependency;
			target = 542480B22D11D04400B4CC98 /* TestApp */;
			targetProxy = 542480CA2D11D04500B4CC98 /* PBXContainerItemProxy */;
		};
		542480D52D11D04500B4CC98 /* PBXTargetDependency */ = {
			isa = PBXTargetDependency;
			target = 542480B22D11D04400B4CC98 /* TestApp */;
			targetProxy = 542480D42D11D04500B4CC98 /* PBXContainerItemProxy */;
		};
/* End PBXTargetDependency section */

/* Begin PBXVariantGroup section */
		542480BC2D11D04400B4CC98 /* Main.storyboard */ = {
			isa = PBXVariantGroup;
			children = (
				542480BD2D11D04400B4CC98 /* Base */,
			);
			name = Main.storyboard;
			sourceTree = "<group>";
		};
		542480C12D11D04500B4CC98 /* LaunchScreen.storyboard */ = {
			isa = PBXVariantGroup;
			children = (
				542480C22D11D04500B4CC98 /* Base */,
			);
			name = LaunchScreen.storyboard;
			sourceTree = "<group>";
		};
/* End PBXVariantGroup section */

/* Begin XCBuildConfiguration section */
		542480DB2D11D04500B4CC98 /* Debug */ = {
			isa = XCBuildConfiguration;
			buildSettings = {
				ALWAYS_SEARCH_USER_PATHS = NO;
				ASSETCATALOG_COMPILER_GENERATE_SWIFT_ASSET_SYMBOL_EXTENSIONS = YES;
				CLANG_ANALYZER_NONNULL = YES;
				CLANG_ANALYZER_NUMBER_OBJECT_CONVERSION = YES_AGGRESSIVE;
				CLANG_CXX_LANGUAGE_STANDARD = "gnu++20";
				CLANG_ENABLE_MODULES = YES;
				CLANG_ENABLE_OBJC_ARC = YES;
				CLANG_ENABLE_OBJC_WEAK = YES;
				CLANG_WARN_BLOCK_CAPTURE_AUTORELEASING = YES;
				CLANG_WARN_BOOL_CONVERSION = YES;
				CLANG_WARN_COMMA = YES;
				CLANG_WARN_CONSTANT_CONVERSION = YES;
				CLANG_WARN_DEPRECATED_OBJC_IMPLEMENTATIONS = YES;
				CLANG_WARN_DIRECT_OBJC_ISA_USAGE = YES_ERROR;
				CLANG_WARN_DOCUMENTATION_COMMENTS = YES;
				CLANG_WARN_EMPTY_BODY = YES;
				CLANG_WARN_ENUM_CONVERSION = YES;
				CLANG_WARN_INFINITE_RECURSION = YES;
				CLANG_WARN_INT_CONVERSION = YES;
				CLANG_WARN_NON_LITERAL_NULL_CONVERSION = YES;
				CLANG_WARN_OBJC_IMPLICIT_RETAIN_SELF = YES;
				CLANG_WARN_OBJC_LITERAL_CONVERSION = YES;
				CLANG_WARN_OBJC_ROOT_CLASS = YES_ERROR;
				CLANG_WARN_QUOTED_INCLUDE_IN_FRAMEWORK_HEADER = YES;
				CLANG_WARN_RANGE_LOOP_ANALYSIS = YES;
				CLANG_WARN_STRICT_PROTOTYPES = YES;
				CLANG_WARN_SUSPICIOUS_MOVE = YES;
				CLANG_WARN_UNGUARDED_AVAILABILITY = YES_AGGRESSIVE;
				CLANG_WARN_UNREACHABLE_CODE = YES;
				CLANG_WARN__DUPLICATE_METHOD_MATCH = YES;
				COPY_PHASE_STRIP = NO;
				DEBUG_INFORMATION_FORMAT = dwarf;
				ENABLE_STRICT_OBJC_MSGSEND = YES;
				ENABLE_TESTABILITY = YES;
				ENABLE_USER_SCRIPT_SANDBOXING = YES;
				GCC_C_LANGUAGE_STANDARD = gnu17;
				GCC_DYNAMIC_NO_PIC = NO;
				GCC_NO_COMMON_BLOCKS = YES;
				GCC_OPTIMIZATION_LEVEL = 0;
				GCC_PREPROCESSOR_DEFINITIONS = (
					"DEBUG=1",
					"$(inherited)",
				);
				GCC_WARN_64_TO_32_BIT_CONVERSION = YES;
				GCC_WARN_ABOUT_RETURN_TYPE = YES_ERROR;
				GCC_WARN_UNDECLARED_SELECTOR = YES;
				GCC_WARN_UNINITIALIZED_AUTOS = YES_AGGRESSIVE;
				GCC_WARN_UNUSED_FUNCTION = YES;
				GCC_WARN_UNUSED_VARIABLE = YES;
				IPHONEOS_DEPLOYMENT_TARGET = 17.4;
				LOCALIZATION_PREFERS_STRING_CATALOGS = YES;
				MTL_ENABLE_DEBUG_INFO = INCLUDE_SOURCE;
				MTL_FAST_MATH = YES;
				ONLY_ACTIVE_ARCH = YES;
				SDKROOT = iphoneos;
				SWIFT_ACTIVE_COMPILATION_CONDITIONS = "DEBUG $(inherited)";
				SWIFT_OPTIMIZATION_LEVEL = "-Onone";
			};
			name = Debug;
		};
		542480DC2D11D04500B4CC98 /* Release */ = {
			isa = XCBuildConfiguration;
			buildSettings = {
				ALWAYS_SEARCH_USER_PATHS = NO;
				ASSETCATALOG_COMPILER_GENERATE_SWIFT_ASSET_SYMBOL_EXTENSIONS = YES;
				CLANG_ANALYZER_NONNULL = YES;
				CLANG_ANALYZER_NUMBER_OBJECT_CONVERSION = YES_AGGRESSIVE;
				CLANG_CXX_LANGUAGE_STANDARD = "gnu++20";
				CLANG_ENABLE_MODULES = YES;
				CLANG_ENABLE_OBJC_ARC = YES;
				CLANG_ENABLE_OBJC_WEAK = YES;
				CLANG_WARN_BLOCK_CAPTURE_AUTORELEASING = YES;
				CLANG_WARN_BOOL_CONVERSION = YES;
				CLANG_WARN_COMMA = YES;
				CLANG_WARN_CONSTANT_CONVERSION = YES;
				CLANG_WARN_DEPRECATED_OBJC_IMPLEMENTATIONS = YES;
				CLANG_WARN_DIRECT_OBJC_ISA_USAGE = YES_ERROR;
				CLANG_WARN_DOCUMENTATION_COMMENTS = YES;
				CLANG_WARN_EMPTY_BODY = YES;
				CLANG_WARN_ENUM_CONVERSION = YES;
				CLANG_WARN_INFINITE_RECURSION = YES;
				CLANG_WARN_INT_CONVERSION = YES;
				CLANG_WARN_NON_LITERAL_NULL_CONVERSION = YES;
				CLANG_WARN_OBJC_IMPLICIT_RETAIN_SELF = YES;
				CLANG_WARN_OBJC_LITERAL_CONVERSION = YES;
				CLANG_WARN_OBJC_ROOT_CLASS = YES_ERROR;
				CLANG_WARN_QUOTED_INCLUDE_IN_FRAMEWORK_HEADER = YES;
				CLANG_WARN_RANGE_LOOP_ANALYSIS = YES;
				CLANG_WARN_STRICT_PROTOTYPES = YES;
				CLANG_WARN_SUSPICIOUS_MOVE = YES;
				CLANG_WARN_UNGUARDED_AVAILABILITY = YES_AGGRESSIVE;
				CLANG_WARN_UNREACHABLE_CODE = YES;
				CLANG_WARN__DUPLICATE_METHOD_MATCH = YES;
				COPY_PHASE_STRIP = NO;
				DEBUG_INFORMATION_FORMAT = "dwarf-with-dsym";
				ENABLE_NS_ASSERTIONS = NO;
				ENABLE_STRICT_OBJC_MSGSEND = YES;
				ENABLE_USER_SCRIPT_SANDBOXING = YES;
				GCC_C_LANGUAGE_STANDARD = gnu17;
				GCC_NO_COMMON_BLOCKS = YES;
				GCC_WARN_64_TO_32_BIT_CONVERSION = YES;
				GCC_WARN_ABOUT_RETURN_TYPE = YES_ERROR;
				GCC_WARN_UNDECLARED_SELECTOR = YES;
				GCC_WARN_UNINITIALIZED_AUTOS = YES_AGGRESSIVE;
				GCC_WARN_UNUSED_FUNCTION = YES;
				GCC_WARN_UNUSED_VARIABLE = YES;
				IPHONEOS_DEPLOYMENT_TARGET = 17.4;
				LOCALIZATION_PREFERS_STRING_CATALOGS = YES;
				MTL_ENABLE_DEBUG_INFO = NO;
				MTL_FAST_MATH = YES;
				SDKROOT = iphoneos;
				SWIFT_COMPILATION_MODE = wholemodule;
				VALIDATE_PRODUCT = YES;
			};
			name = Release;
		};
		542480DE2D11D04500B4CC98 /* Debug */ = {
			isa = XCBuildConfiguration;
			buildSettings = {
				ASSETCATALOG_COMPILER_APPICON_NAME = AppIcon;
				ASSETCATALOG_COMPILER_GLOBAL_ACCENT_COLOR_NAME = AccentColor;
				CODE_SIGN_STYLE = Automatic;
				CURRENT_PROJECT_VERSION = 1;
				DEVELOPMENT_TEAM = H9F7HUSCMC;
				GENERATE_INFOPLIST_FILE = YES;
				INFOPLIST_FILE = TestApp/Info.plist;
				INFOPLIST_KEY_UIApplicationSupportsIndirectInputEvents = YES;
				INFOPLIST_KEY_UILaunchStoryboardName = LaunchScreen;
				INFOPLIST_KEY_UIMainStoryboardFile = Main;
				INFOPLIST_KEY_UISupportedInterfaceOrientations_iPad = "UIInterfaceOrientationPortrait UIInterfaceOrientationPortraitUpsideDown UIInterfaceOrientationLandscapeLeft UIInterfaceOrientationLandscapeRight";
				INFOPLIST_KEY_UISupportedInterfaceOrientations_iPhone = "UIInterfaceOrientationPortrait UIInterfaceOrientationLandscapeLeft UIInterfaceOrientationLandscapeRight";
				LD_RUNPATH_SEARCH_PATHS = (
					"$(inherited)",
					"@executable_path/Frameworks",
				);
				MARKETING_VERSION = 1.0;
				PRODUCT_BUNDLE_IDENTIFIER = com.ashu.TestApp;
				PRODUCT_NAME = "$(TARGET_NAME)";
				SWIFT_EMIT_LOC_STRINGS = YES;
				SWIFT_VERSION = 5.0;
				TARGETED_DEVICE_FAMILY = "1,2";
			};
			name = Debug;
		};
		542480DF2D11D04500B4CC98 /* Release */ = {
			isa = XCBuildConfiguration;
			buildSettings = {
				ASSETCATALOG_COMPILER_APPICON_NAME = AppIcon;
				ASSETCATALOG_COMPILER_GLOBAL_ACCENT_COLOR_NAME = AccentColor;
				CODE_SIGN_STYLE = Automatic;
				CURRENT_PROJECT_VERSION = 1;
				DEVELOPMENT_TEAM = H9F7HUSCMC;
				GENERATE_INFOPLIST_FILE = YES;
				INFOPLIST_FILE = TestApp/Info.plist;
				INFOPLIST_KEY_UIApplicationSupportsIndirectInputEvents = YES;
				INFOPLIST_KEY_UILaunchStoryboardName = LaunchScreen;
				INFOPLIST_KEY_UIMainStoryboardFile = Main;
				INFOPLIST_KEY_UISupportedInterfaceOrientations_iPad = "UIInterfaceOrientationPortrait UIInterfaceOrientationPortraitUpsideDown UIInterfaceOrientationLandscapeLeft UIInterfaceOrientationLandscapeRight";
				INFOPLIST_KEY_UISupportedInterfaceOrientations_iPhone = "UIInterfaceOrientationPortrait UIInterfaceOrientationLandscapeLeft UIInterfaceOrientationLandscapeRight";
				LD_RUNPATH_SEARCH_PATHS = (
					"$(inherited)",
					"@executable_path/Frameworks",
				);
				MARKETING_VERSION = 1.0;
				PRODUCT_BUNDLE_IDENTIFIER = com.ashu.TestApp;
				PRODUCT_NAME = "$(TARGET_NAME)";
				SWIFT_EMIT_LOC_STRINGS = YES;
				SWIFT_VERSION = 5.0;
				TARGETED_DEVICE_FAMILY = "1,2";
			};
			name = Release;
		};
		542480E12D11D04500B4CC98 /* Debug */ = {
			isa = XCBuildConfiguration;
			buildSettings = {
				ALWAYS_EMBED_SWIFT_STANDARD_LIBRARIES = YES;
				BUNDLE_LOADER = "$(TEST_HOST)";
				CODE_SIGN_STYLE = Automatic;
				CURRENT_PROJECT_VERSION = 1;
				DEVELOPMENT_TEAM = H9F7HUSCMC;
				GENERATE_INFOPLIST_FILE = YES;
				IPHONEOS_DEPLOYMENT_TARGET = 17.4;
				MARKETING_VERSION = 1.0;
				PRODUCT_BUNDLE_IDENTIFIER = com.ashu.TestAppTests;
				PRODUCT_NAME = "$(TARGET_NAME)";
				SWIFT_EMIT_LOC_STRINGS = NO;
				SWIFT_VERSION = 5.0;
				TARGETED_DEVICE_FAMILY = "1,2";
				TEST_HOST = "$(BUILT_PRODUCTS_DIR)/TestApp.app/$(BUNDLE_EXECUTABLE_FOLDER_PATH)/TestApp";
			};
			name = Debug;
		};
		542480E22D11D04500B4CC98 /* Release */ = {
			isa = XCBuildConfiguration;
			buildSettings = {
				ALWAYS_EMBED_SWIFT_STANDARD_LIBRARIES = YES;
				BUNDLE_LOADER = "$(TEST_HOST)";
				CODE_SIGN_STYLE = Automatic;
				CURRENT_PROJECT_VERSION = 1;
				DEVELOPMENT_TEAM = H9F7HUSCMC;
				GENERATE_INFOPLIST_FILE = YES;
				IPHONEOS_DEPLOYMENT_TARGET = 17.4;
				MARKETING_VERSION = 1.0;
				PRODUCT_BUNDLE_IDENTIFIER = com.ashu.TestAppTests;
				PRODUCT_NAME = "$(TARGET_NAME)";
				SWIFT_EMIT_LOC_STRINGS = NO;
				SWIFT_VERSION = 5.0;
				TARGETED_DEVICE_FAMILY = "1,2";
				TEST_HOST = "$(BUILT_PRODUCTS_DIR)/TestApp.app/$(BUNDLE_EXECUTABLE_FOLDER_PATH)/TestApp";
			};
			name = Release;
		};
		542480E42D11D04500B4CC98 /* Debug */ = {
			isa = XCBuildConfiguration;
			buildSettings = {
				ALWAYS_EMBED_SWIFT_STANDARD_LIBRARIES = YES;
				CODE_SIGN_STYLE = Automatic;
				CURRENT_PROJECT_VERSION = 1;
				DEVELOPMENT_TEAM = H9F7HUSCMC;
				GENERATE_INFOPLIST_FILE = YES;
				MARKETING_VERSION = 1.0;
				PRODUCT_BUNDLE_IDENTIFIER = com.ashu.TestAppUITests;
				PRODUCT_NAME = "$(TARGET_NAME)";
				SWIFT_EMIT_LOC_STRINGS = NO;
				SWIFT_VERSION = 5.0;
				TARGETED_DEVICE_FAMILY = "1,2";
				TEST_TARGET_NAME = TestApp;
			};
			name = Debug;
		};
		542480E52D11D04500B4CC98 /* Release */ = {
			isa = XCBuildConfiguration;
			buildSettings = {
				ALWAYS_EMBED_SWIFT_STANDARD_LIBRARIES = YES;
				CODE_SIGN_STYLE = Automatic;
				CURRENT_PROJECT_VERSION = 1;
				DEVELOPMENT_TEAM = H9F7HUSCMC;
				GENERATE_INFOPLIST_FILE = YES;
				MARKETING_VERSION = 1.0;
				PRODUCT_BUNDLE_IDENTIFIER = com.ashu.TestAppUITests;
				PRODUCT_NAME = "$(TARGET_NAME)";
				SWIFT_EMIT_LOC_STRINGS = NO;
				SWIFT_VERSION = 5.0;
				TARGETED_DEVICE_FAMILY = "1,2";
				TEST_TARGET_NAME = TestApp;
			};
			name = Release;
		};
/* End XCBuildConfiguration section */

/* Begin XCConfigurationList section */
		542480AE2D11D04400B4CC98 /* Build configuration list for PBXProject "TestApp" */ = {
			isa = XCConfigurationList;
			buildConfigurations = (
				542480DB2D11D04500B4CC98 /* Debug */,
				542480DC2D11D04500B4CC98 /* Release */,
			);
			defaultConfigurationIsVisible = 0;
			defaultConfigurationName = Release;
		};
		542480DD2D11D04500B4CC98 /* Build configuration list for PBXNativeTarget "TestApp" */ = {
			isa = XCConfigurationList;
			buildConfigurations = (
				542480DE2D11D04500B4CC98 /* Debug */,
				542480DF2D11D04500B4CC98 /* Release */,
			);
			defaultConfigurationIsVisible = 0;
			defaultConfigurationName = Release;
		};
		542480E02D11D04500B4CC98 /* Build configuration list for PBXNativeTarget "TestAppTests" */ = {
			isa = XCConfigurationList;
			buildConfigurations = (
				542480E12D11D04500B4CC98 /* Debug */,
				542480E22D11D04500B4CC98 /* Release */,
			);
			defaultConfigurationIsVisible = 0;
			defaultConfigurationName = Release;
		};
		542480E32D11D04500B4CC98 /* Build configuration list for PBXNativeTarget "TestAppUITests" */ = {
			isa = XCConfigurationList;
			buildConfigurations = (
				542480E42D11D04500B4CC98 /* Debug */,
				542480E52D11D04500B4CC98 /* Release */,
			);
			defaultConfigurationIsVisible = 0;
			defaultConfigurationName = Release;
		};
/* End XCConfigurationList section */
	};
	rootObject = 542480AB2D11D04400B4CC98 /* Project object */;
}
